
Microsoft Visual Studio Solution File, Format Version 12.00
# Visual Studio Version 16
VisualStudioVersion = 16.0.29609.76
MinimumVisualStudioVersion = 10.0.40219.1
Project("{FAE04EC0-301F-11D3-BF4B-00C04F79EFBC}") = "UploadFile", "UploadFile.csproj", "{91A3EDCA-E873-4EF2-86DF-B64A7B4EE123}"
EndProject
Global
	GlobalSection(SolutionConfigurationPlatforms) = preSolution
		Debug|Any CPU = Debug|Any CPU
		Release|Any CPU = Release|Any CPU
	EndGlobalSection
	GlobalSection(ProjectConfigurationPlatforms) = postSolution
		{91A3EDCA-E873-4EF2-86DF-B64A7B4EE123}.Debug|Any CPU.ActiveCfg = Debug|Any CPU
		{91A3EDCA-E873-4EF2-86DF-B64A7B4EE123}.Debug|Any CPU.Build.0 = Debug|Any CPU
		{91A3EDCA-E873-4EF2-86DF-B64A7B4EE123}.Release|Any CPU.ActiveCfg = Release|Any CPU
		{91A3EDCA-E873-4EF2-86DF-B64A7B4EE123}.Release|Any CPU.Build.0 = Release|Any CPU
	EndGlobalSection
	GlobalSection(SolutionProperties) = preSolution
		HideSolutionNode = FALSE
	EndGlobalSection
	GlobalSection(ExtensibilityGlobals) = postSolution
		SolutionGuid = {4BDA8E39-D43C-4D60-9A22-9595AE198BF0}
	EndGlobalSection
EndGlobal
