
Microsoft Visual Studio Solution File, Format Version 12.00
# Visual Studio 15
VisualStudioVersion = 15.0.28307.168
MinimumVisualStudioVersion = 10.0.40219.1
Project("{FAE04EC0-301F-11D3-BF4B-00C04F79EFBC}") = "HangFire_Core", "HangFire_Core\HangFire_Core.csproj", "{F2A272C4-832B-473D-8A10-2B96F07A9B93}"
EndProject
Global
	GlobalSection(SolutionConfigurationPlatforms) = preSolution
		Debug|Any CPU = Debug|Any CPU
		Release|Any CPU = Release|Any CPU
	EndGlobalSection
	GlobalSection(ProjectConfigurationPlatforms) = postSolution
		{F2A272C4-832B-473D-8A10-2B96F07A9B93}.Debug|Any CPU.ActiveCfg = Debug|Any CPU
		{F2A272C4-832B-473D-8A10-2B96F07A9B93}.Debug|Any CPU.Build.0 = Debug|Any CPU
		{F2A272C4-832B-473D-8A10-2B96F07A9B93}.Release|Any CPU.ActiveCfg = Release|Any CPU
		{F2A272C4-832B-473D-8A10-2B96F07A9B93}.Release|Any CPU.Build.0 = Release|Any CPU
	EndGlobalSection
	GlobalSection(SolutionProperties) = preSolution
		HideSolutionNode = FALSE
	EndGlobalSection
	GlobalSection(ExtensibilityGlobals) = postSolution
		SolutionGuid = {292A40FC-3DBA-4D57-9B65-489F97C5AAD0}
	EndGlobalSection
EndGlobal
